
Microsoft Visual Studio Solution File, Format Version 12.00
# Visual Studio Version 16
VisualStudioVersion = 16.0.31605.320
MinimumVisualStudioVersion = 10.0.40219.1
Project("{FAE04EC0-301F-11D3-BF4B-00C04F79EFBC}") = "ConsoleManageKeysSO", "ConsoleManageKeysSO.csproj", "{F55F60B4-66EE-4AC7-99CD-098220C58205}"
EndProject
Global
	GlobalSection(SolutionConfigurationPlatforms) = preSolution
		Debug|Any CPU = Debug|Any CPU
		Release|Any CPU = Release|Any CPU
	EndGlobalSection
	GlobalSection(ProjectConfigurationPlatforms) = postSolution
		{F55F60B4-66EE-4AC7-99CD-098220C58205}.Debug|Any CPU.ActiveCfg = Debug|Any CPU
		{F55F60B4-66EE-4AC7-99CD-098220C58205}.Debug|Any CPU.Build.0 = Debug|Any CPU
		{F55F60B4-66EE-4AC7-99CD-098220C58205}.Release|Any CPU.ActiveCfg = Release|Any CPU
		{F55F60B4-66EE-4AC7-99CD-098220C58205}.Release|Any CPU.Build.0 = Release|Any CPU
	EndGlobalSection
	GlobalSection(SolutionProperties) = preSolution
		HideSolutionNode = FALSE
	EndGlobalSection
	GlobalSection(ExtensibilityGlobals) = postSolution
		SolutionGuid = {FAE60963-20C2-42FB-875D-BA4779254D4E}
	EndGlobalSection
EndGlobal
